// !$*UTF8*$!
{
	archiveVersion = 1;
	classes = {
	};
	objectVersion = 50;
	objects = {

/* Begin PBXBuildFile section */
		047AEB022101EA5D000CE265 /* GoogleService-Info.plist in Resources */ = {isa = PBXBuildFile; fileRef = 047AEB012101EA5D000CE265 /* GoogleService-Info.plist */; };
		048325AD20FF9544007BBBFC /* AppDelegate.swift in Sources */ = {isa = PBXBuildFile; fileRef = 048325AC20FF9544007BBBFC /* AppDelegate.swift */; };
		048325B220FF9544007BBBFC /* Main.storyboard in Resources */ = {isa = PBXBuildFile; fileRef = 048325B020FF9544007BBBFC /* Main.storyboard */; };
		048325B420FF9544007BBBFC /* Assets.xcassets in Resources */ = {isa = PBXBuildFile; fileRef = 048325B320FF9544007BBBFC /* Assets.xcassets */; };
		048325B720FF9544007BBBFC /* LaunchScreen.storyboard in Resources */ = {isa = PBXBuildFile; fileRef = 048325B520FF9544007BBBFC /* LaunchScreen.storyboard */; };
		048325C920FF96F3007BBBFC /* MainViewController.swift in Sources */ = {isa = PBXBuildFile; fileRef = 048325C820FF96F3007BBBFC /* MainViewController.swift */; };
		048325CB20FF973C007BBBFC /* LoginViewController.swift in Sources */ = {isa = PBXBuildFile; fileRef = 048325CA20FF973C007BBBFC /* LoginViewController.swift */; };
		048325CD20FF9747007BBBFC /* RegisterViewController.swift in Sources */ = {isa = PBXBuildFile; fileRef = 048325CC20FF9747007BBBFC /* RegisterViewController.swift */; };
		048325CF20FF9755007BBBFC /* PreferencesViewController.swift in Sources */ = {isa = PBXBuildFile; fileRef = 048325CE20FF9755007BBBFC /* PreferencesViewController.swift */; };
		048325D120FF975E007BBBFC /* ProfileViewController.swift in Sources */ = {isa = PBXBuildFile; fileRef = 048325D020FF975E007BBBFC /* ProfileViewController.swift */; };
		048325D420FF9AB1007BBBFC /* ForgotPasswordViewController.swift in Sources */ = {isa = PBXBuildFile; fileRef = 048325D320FF9AB1007BBBFC /* ForgotPasswordViewController.swift */; };
		04977A3521034965002B5FB9 /* DataManager.swift in Sources */ = {isa = PBXBuildFile; fileRef = 04977A3421034965002B5FB9 /* DataManager.swift */; };
		04977A3A21034F7B002B5FB9 /* Restaurant.swift in Sources */ = {isa = PBXBuildFile; fileRef = 04977A3921034F7B002B5FB9 /* Restaurant.swift */; };
		04977A3C21034F91002B5FB9 /* Card.swift in Sources */ = {isa = PBXBuildFile; fileRef = 04977A3B21034F91002B5FB9 /* Card.swift */; };
		F573DD1D59876C2B49536938 /* Pods_FingerFood.framework in Frameworks */ = {isa = PBXBuildFile; fileRef = 17ABB1053E2DA2BF0B9DC323 /* Pods_FingerFood.framework */; };
/* End PBXBuildFile section */

/* Begin PBXFileReference section */
		047AEB012101EA5D000CE265 /* GoogleService-Info.plist */ = {isa = PBXFileReference; fileEncoding = 4; lastKnownFileType = text.plist.xml; name = "GoogleService-Info.plist"; path = "../../../Downloads/GoogleService-Info.plist"; sourceTree = "<group>"; };
		048325A920FF9544007BBBFC /* FingerFood.app */ = {isa = PBXFileReference; explicitFileType = wrapper.application; includeInIndex = 0; path = FingerFood.app; sourceTree = BUILT_PRODUCTS_DIR; };
		048325AC20FF9544007BBBFC /* AppDelegate.swift */ = {isa = PBXFileReference; lastKnownFileType = sourcecode.swift; path = AppDelegate.swift; sourceTree = "<group>"; };
		048325B120FF9544007BBBFC /* Base */ = {isa = PBXFileReference; lastKnownFileType = file.storyboard; name = Base; path = Base.lproj/Main.storyboard; sourceTree = "<group>"; };
		048325B320FF9544007BBBFC /* Assets.xcassets */ = {isa = PBXFileReference; lastKnownFileType = folder.assetcatalog; path = Assets.xcassets; sourceTree = "<group>"; };
		048325B620FF9544007BBBFC /* Base */ = {isa = PBXFileReference; lastKnownFileType = file.storyboard; name = Base; path = Base.lproj/LaunchScreen.storyboard; sourceTree = "<group>"; };
		048325B820FF9544007BBBFC /* Info.plist */ = {isa = PBXFileReference; lastKnownFileType = text.plist.xml; path = Info.plist; sourceTree = "<group>"; };
		048325C820FF96F3007BBBFC /* MainViewController.swift */ = {isa = PBXFileReference; lastKnownFileType = sourcecode.swift; path = MainViewController.swift; sourceTree = "<group>"; };
		048325CA20FF973C007BBBFC /* LoginViewController.swift */ = {isa = PBXFileReference; lastKnownFileType = sourcecode.swift; path = LoginViewController.swift; sourceTree = "<group>"; };
		048325CC20FF9747007BBBFC /* RegisterViewController.swift */ = {isa = PBXFileReference; lastKnownFileType = sourcecode.swift; path = RegisterViewController.swift; sourceTree = "<group>"; };
		048325CE20FF9755007BBBFC /* PreferencesViewController.swift */ = {isa = PBXFileReference; lastKnownFileType = sourcecode.swift; path = PreferencesViewController.swift; sourceTree = "<group>"; };
		048325D020FF975E007BBBFC /* ProfileViewController.swift */ = {isa = PBXFileReference; lastKnownFileType = sourcecode.swift; path = ProfileViewController.swift; sourceTree = "<group>"; };
		048325D320FF9AB1007BBBFC /* ForgotPasswordViewController.swift */ = {isa = PBXFileReference; lastKnownFileType = sourcecode.swift; path = ForgotPasswordViewController.swift; sourceTree = "<group>"; };
		04977A3421034965002B5FB9 /* DataManager.swift */ = {isa = PBXFileReference; lastKnownFileType = sourcecode.swift; path = DataManager.swift; sourceTree = "<group>"; };
		04977A3921034F7B002B5FB9 /* Restaurant.swift */ = {isa = PBXFileReference; lastKnownFileType = sourcecode.swift; path = Restaurant.swift; sourceTree = "<group>"; };
		04977A3B21034F91002B5FB9 /* Card.swift */ = {isa = PBXFileReference; lastKnownFileType = sourcecode.swift; path = Card.swift; sourceTree = "<group>"; };
		17ABB1053E2DA2BF0B9DC323 /* Pods_FingerFood.framework */ = {isa = PBXFileReference; explicitFileType = wrapper.framework; includeInIndex = 0; path = Pods_FingerFood.framework; sourceTree = BUILT_PRODUCTS_DIR; };
		89A856A56AFF0CD7A0FABACD /* Pods-FingerFood.release.xcconfig */ = {isa = PBXFileReference; includeInIndex = 1; lastKnownFileType = text.xcconfig; name = "Pods-FingerFood.release.xcconfig"; path = "Pods/Target Support Files/Pods-FingerFood/Pods-FingerFood.release.xcconfig"; sourceTree = "<group>"; };
		B36A373C9A76672EDD7E267E /* Pods-FingerFood.debug.xcconfig */ = {isa = PBXFileReference; includeInIndex = 1; lastKnownFileType = text.xcconfig; name = "Pods-FingerFood.debug.xcconfig"; path = "Pods/Target Support Files/Pods-FingerFood/Pods-FingerFood.debug.xcconfig"; sourceTree = "<group>"; };
/* End PBXFileReference section */

/* Begin PBXFrameworksBuildPhase section */
		048325A620FF9544007BBBFC /* Frameworks */ = {
			isa = PBXFrameworksBuildPhase;
			buildActionMask = 2147483647;
			files = (
				F573DD1D59876C2B49536938 /* Pods_FingerFood.framework in Frameworks */,
			);
			runOnlyForDeploymentPostprocessing = 0;
		};
/* End PBXFrameworksBuildPhase section */

/* Begin PBXGroup section */
		048325A020FF9544007BBBFC = {
			isa = PBXGroup;
			children = (
				048325AB20FF9544007BBBFC /* FingerFood */,
				048325AA20FF9544007BBBFC /* Products */,
				11CC76E94FDAE521F88F5F5D /* Pods */,
				B72F8B43ACECEAD7FD3C1262 /* Frameworks */,
			);
			sourceTree = "<group>";
		};
		048325AA20FF9544007BBBFC /* Products */ = {
			isa = PBXGroup;
			children = (
				048325A920FF9544007BBBFC /* FingerFood.app */,
			);
			name = Products;
			sourceTree = "<group>";
		};
		048325AB20FF9544007BBBFC /* FingerFood */ = {
			isa = PBXGroup;
			children = (
				047AEB012101EA5D000CE265 /* GoogleService-Info.plist */,
				048325AC20FF9544007BBBFC /* AppDelegate.swift */,
				048325B020FF9544007BBBFC /* Main.storyboard */,
				048325B320FF9544007BBBFC /* Assets.xcassets */,
				048325B520FF9544007BBBFC /* LaunchScreen.storyboard */,
				048325B820FF9544007BBBFC /* Info.plist */,
				048325D220FF9766007BBBFC /* Controllers */,
				04977A3821034A23002B5FB9 /* Database */,
				04977A3D21034F96002B5FB9 /* Logic */,
			);
			path = FingerFood;
			sourceTree = "<group>";
		};
		048325D220FF9766007BBBFC /* Controllers */ = {
			isa = PBXGroup;
			children = (
				048325C820FF96F3007BBBFC /* MainViewController.swift */,
				048325CA20FF973C007BBBFC /* LoginViewController.swift */,
				048325CC20FF9747007BBBFC /* RegisterViewController.swift */,
				048325CE20FF9755007BBBFC /* PreferencesViewController.swift */,
				048325D020FF975E007BBBFC /* ProfileViewController.swift */,
				048325D320FF9AB1007BBBFC /* ForgotPasswordViewController.swift */,
			);
			path = Controllers;
			sourceTree = "<group>";
		};
		04977A3821034A23002B5FB9 /* Database */ = {
			isa = PBXGroup;
			children = (
				04977A3421034965002B5FB9 /* DataManager.swift */,
			);
			path = Database;
			sourceTree = "<group>";
		};
		04977A3D21034F96002B5FB9 /* Logic */ = {
			isa = PBXGroup;
			children = (
				04977A3921034F7B002B5FB9 /* Restaurant.swift */,
				04977A3B21034F91002B5FB9 /* Card.swift */,
			);
			path = Logic;
			sourceTree = "<group>";
		};
		11CC76E94FDAE521F88F5F5D /* Pods */ = {
			isa = PBXGroup;
			children = (
				B36A373C9A76672EDD7E267E /* Pods-FingerFood.debug.xcconfig */,
				89A856A56AFF0CD7A0FABACD /* Pods-FingerFood.release.xcconfig */,
			);
			name = Pods;
			sourceTree = "<group>";
		};
		B72F8B43ACECEAD7FD3C1262 /* Frameworks */ = {
			isa = PBXGroup;
			children = (
				17ABB1053E2DA2BF0B9DC323 /* Pods_FingerFood.framework */,
			);
			name = Frameworks;
			sourceTree = "<group>";
		};
/* End PBXGroup section */

/* Begin PBXNativeTarget section */
		048325A820FF9544007BBBFC /* FingerFood */ = {
			isa = PBXNativeTarget;
			buildConfigurationList = 048325BB20FF9544007BBBFC /* Build configuration list for PBXNativeTarget "FingerFood" */;
			buildPhases = (
				71645EEC27BED58BEDCA2892 /* [CP] Check Pods Manifest.lock */,
				048325A520FF9544007BBBFC /* Sources */,
				048325A620FF9544007BBBFC /* Frameworks */,
				048325A720FF9544007BBBFC /* Resources */,
				ADCD7CFCECE7AAFEAF4A2CB8 /* [CP] Embed Pods Frameworks */,
			);
			buildRules = (
			);
			dependencies = (
			);
			name = FingerFood;
			productName = FingerFood;
			productReference = 048325A920FF9544007BBBFC /* FingerFood.app */;
			productType = "com.apple.product-type.application";
		};
/* End PBXNativeTarget section */

/* Begin PBXProject section */
		048325A120FF9544007BBBFC /* Project object */ = {
			isa = PBXProject;
			attributes = {
				LastSwiftUpdateCheck = 0940;
				LastUpgradeCheck = 0940;
				ORGANIZATIONNAME = Mac;
				TargetAttributes = {
					048325A820FF9544007BBBFC = {
						CreatedOnToolsVersion = 9.4.1;
					};
				};
			};
			buildConfigurationList = 048325A420FF9544007BBBFC /* Build configuration list for PBXProject "FingerFood" */;
			compatibilityVersion = "Xcode 9.3";
			developmentRegion = en;
			hasScannedForEncodings = 0;
			knownRegions = (
				en,
				Base,
			);
			mainGroup = 048325A020FF9544007BBBFC;
			productRefGroup = 048325AA20FF9544007BBBFC /* Products */;
			projectDirPath = "";
			projectRoot = "";
			targets = (
				048325A820FF9544007BBBFC /* FingerFood */,
			);
		};
/* End PBXProject section */

/* Begin PBXResourcesBuildPhase section */
		048325A720FF9544007BBBFC /* Resources */ = {
			isa = PBXResourcesBuildPhase;
			buildActionMask = 2147483647;
			files = (
				048325B720FF9544007BBBFC /* LaunchScreen.storyboard in Resources */,
				047AEB022101EA5D000CE265 /* GoogleService-Info.plist in Resources */,
				048325B420FF9544007BBBFC /* Assets.xcassets in Resources */,
				048325B220FF9544007BBBFC /* Main.storyboard in Resources */,
			);
			runOnlyForDeploymentPostprocessing = 0;
		};
/* End PBXResourcesBuildPhase section */

/* Begin PBXShellScriptBuildPhase section */
		71645EEC27BED58BEDCA2892 /* [CP] Check Pods Manifest.lock */ = {
			isa = PBXShellScriptBuildPhase;
			buildActionMask = 2147483647;
			files = (
			);
			inputPaths = (
				"${PODS_PODFILE_DIR_PATH}/Podfile.lock",
				"${PODS_ROOT}/Manifest.lock",
			);
			name = "[CP] Check Pods Manifest.lock";
			outputPaths = (
				"$(DERIVED_FILE_DIR)/Pods-FingerFood-checkManifestLockResult.txt",
			);
			runOnlyForDeploymentPostprocessing = 0;
			shellPath = /bin/sh;
			shellScript = "diff \"${PODS_PODFILE_DIR_PATH}/Podfile.lock\" \"${PODS_ROOT}/Manifest.lock\" > /dev/null\nif [ $? != 0 ] ; then\n    # print error to STDERR\n    echo \"error: The sandbox is not in sync with the Podfile.lock. Run 'pod install' or update your CocoaPods installation.\" >&2\n    exit 1\nfi\n# This output is used by Xcode 'outputs' to avoid re-running this script phase.\necho \"SUCCESS\" > \"${SCRIPT_OUTPUT_FILE_0}\"\n";
			showEnvVarsInLog = 0;
		};
		ADCD7CFCECE7AAFEAF4A2CB8 /* [CP] Embed Pods Frameworks */ = {
			isa = PBXShellScriptBuildPhase;
			buildActionMask = 2147483647;
			files = (
			);
			inputPaths = (
				"${SRCROOT}/Pods/Target Support Files/Pods-FingerFood/Pods-FingerFood-frameworks.sh",
				"${BUILT_PRODUCTS_DIR}/GTMSessionFetcher/GTMSessionFetcher.framework",
				"${BUILT_PRODUCTS_DIR}/GoogleToolboxForMac/GoogleToolboxForMac.framework",
				"${BUILT_PRODUCTS_DIR}/Koloda/Koloda.framework",
				"${BUILT_PRODUCTS_DIR}/SVProgressHUD/SVProgressHUD.framework",
				"${BUILT_PRODUCTS_DIR}/Toast-Swift/Toast_Swift.framework",
				"${BUILT_PRODUCTS_DIR}/leveldb-library/leveldb.framework",
				"${BUILT_PRODUCTS_DIR}/nanopb/nanopb.framework",
				"${BUILT_PRODUCTS_DIR}/pop/pop.framework",
			);
			name = "[CP] Embed Pods Frameworks";
			outputPaths = (
				"${TARGET_BUILD_DIR}/${FRAMEWORKS_FOLDER_PATH}/GTMSessionFetcher.framework",
				"${TARGET_BUILD_DIR}/${FRAMEWORKS_FOLDER_PATH}/GoogleToolboxForMac.framework",
				"${TARGET_BUILD_DIR}/${FRAMEWORKS_FOLDER_PATH}/Koloda.framework",
				"${TARGET_BUILD_DIR}/${FRAMEWORKS_FOLDER_PATH}/SVProgressHUD.framework",
				"${TARGET_BUILD_DIR}/${FRAMEWORKS_FOLDER_PATH}/Toast_Swift.framework",
				"${TARGET_BUILD_DIR}/${FRAMEWORKS_FOLDER_PATH}/leveldb.framework",
				"${TARGET_BUILD_DIR}/${FRAMEWORKS_FOLDER_PATH}/nanopb.framework",
				"${TARGET_BUILD_DIR}/${FRAMEWORKS_FOLDER_PATH}/pop.framework",
			);
			runOnlyForDeploymentPostprocessing = 0;
			shellPath = /bin/sh;
			shellScript = "\"${SRCROOT}/Pods/Target Support Files/Pods-FingerFood/Pods-FingerFood-frameworks.sh\"\n";
			showEnvVarsInLog = 0;
		};
/* End PBXShellScriptBuildPhase section */

/* Begin PBXSourcesBuildPhase section */
		048325A520FF9544007BBBFC /* Sources */ = {
			isa = PBXSourcesBuildPhase;
			buildActionMask = 2147483647;
			files = (
				04977A3A21034F7B002B5FB9 /* Restaurant.swift in Sources */,
				048325CB20FF973C007BBBFC /* LoginViewController.swift in Sources */,
				04977A3521034965002B5FB9 /* DataManager.swift in Sources */,
				048325D420FF9AB1007BBBFC /* ForgotPasswordViewController.swift in Sources */,
				048325CD20FF9747007BBBFC /* RegisterViewController.swift in Sources */,
				048325AD20FF9544007BBBFC /* AppDelegate.swift in Sources */,
				048325D120FF975E007BBBFC /* ProfileViewController.swift in Sources */,
				048325C920FF96F3007BBBFC /* MainViewController.swift in Sources */,
				048325CF20FF9755007BBBFC /* PreferencesViewController.swift in Sources */,
				04977A3C21034F91002B5FB9 /* Card.swift in Sources */,
			);
			runOnlyForDeploymentPostprocessing = 0;
		};
/* End PBXSourcesBuildPhase section */

/* Begin PBXVariantGroup section */
		048325B020FF9544007BBBFC /* Main.storyboard */ = {
			isa = PBXVariantGroup;
			children = (
				048325B120FF9544007BBBFC /* Base */,
			);
			name = Main.storyboard;
			sourceTree = "<group>";
		};
		048325B520FF9544007BBBFC /* LaunchScreen.storyboard */ = {
			isa = PBXVariantGroup;
			children = (
				048325B620FF9544007BBBFC /* Base */,
			);
			name = LaunchScreen.storyboard;
			sourceTree = "<group>";
		};
/* End PBXVariantGroup section */

/* Begin XCBuildConfiguration section */
		048325B920FF9544007BBBFC /* Debug */ = {
			isa = XCBuildConfiguration;
			buildSettings = {
				ALWAYS_SEARCH_USER_PATHS = NO;
				CLANG_ANALYZER_NONNULL = YES;
				CLANG_ANALYZER_NUMBER_OBJECT_CONVERSION = YES_AGGRESSIVE;
				CLANG_CXX_LANGUAGE_STANDARD = "gnu++14";
				CLANG_CXX_LIBRARY = "libc++";
				CLANG_ENABLE_MODULES = YES;
				CLANG_ENABLE_OBJC_ARC = YES;
				CLANG_ENABLE_OBJC_WEAK = YES;
				CLANG_WARN_BLOCK_CAPTURE_AUTORELEASING = YES;
				CLANG_WARN_BOOL_CONVERSION = YES;
				CLANG_WARN_COMMA = YES;
				CLANG_WARN_CONSTANT_CONVERSION = YES;
				CLANG_WARN_DEPRECATED_OBJC_IMPLEMENTATIONS = YES;
				CLANG_WARN_DIRECT_OBJC_ISA_USAGE = YES_ERROR;
				CLANG_WARN_DOCUMENTATION_COMMENTS = YES;
				CLANG_WARN_EMPTY_BODY = YES;
				CLANG_WARN_ENUM_CONVERSION = YES;
				CLANG_WARN_INFINITE_RECURSION = YES;
				CLANG_WARN_INT_CONVERSION = YES;
				CLANG_WARN_NON_LITERAL_NULL_CONVERSION = YES;
				CLANG_WARN_OBJC_IMPLICIT_RETAIN_SELF = YES;
				CLANG_WARN_OBJC_LITERAL_CONVERSION = YES;
				CLANG_WARN_OBJC_ROOT_CLASS = YES_ERROR;
				CLANG_WARN_RANGE_LOOP_ANALYSIS = YES;
				CLANG_WARN_STRICT_PROTOTYPES = YES;
				CLANG_WARN_SUSPICIOUS_MOVE = YES;
				CLANG_WARN_UNGUARDED_AVAILABILITY = YES_AGGRESSIVE;
				CLANG_WARN_UNREACHABLE_CODE = YES;
				CLANG_WARN__DUPLICATE_METHOD_MATCH = YES;
				CODE_SIGN_IDENTITY = "iPhone Developer";
				COPY_PHASE_STRIP = NO;
				DEBUG_INFORMATION_FORMAT = dwarf;
				ENABLE_STRICT_OBJC_MSGSEND = YES;
				ENABLE_TESTABILITY = YES;
				GCC_C_LANGUAGE_STANDARD = gnu11;
				GCC_DYNAMIC_NO_PIC = NO;
				GCC_NO_COMMON_BLOCKS = YES;
				GCC_OPTIMIZATION_LEVEL = 0;
				GCC_PREPROCESSOR_DEFINITIONS = (
					"DEBUG=1",
					"$(inherited)",
				);
				GCC_WARN_64_TO_32_BIT_CONVERSION = YES;
				GCC_WARN_ABOUT_RETURN_TYPE = YES_ERROR;
				GCC_WARN_UNDECLARED_SELECTOR = YES;
				GCC_WARN_UNINITIALIZED_AUTOS = YES_AGGRESSIVE;
				GCC_WARN_UNUSED_FUNCTION = YES;
				GCC_WARN_UNUSED_VARIABLE = YES;
				IPHONEOS_DEPLOYMENT_TARGET = 11.4;
				MTL_ENABLE_DEBUG_INFO = YES;
				ONLY_ACTIVE_ARCH = YES;
				SDKROOT = iphoneos;
				SWIFT_ACTIVE_COMPILATION_CONDITIONS = DEBUG;
				SWIFT_OPTIMIZATION_LEVEL = "-Onone";
			};
			name = Debug;
		};
		048325BA20FF9544007BBBFC /* Release */ = {
			isa = XCBuildConfiguration;
			buildSettings = {
				ALWAYS_SEARCH_USER_PATHS = NO;
				CLANG_ANALYZER_NONNULL = YES;
				CLANG_ANALYZER_NUMBER_OBJECT_CONVERSION = YES_AGGRESSIVE;
				CLANG_CXX_LANGUAGE_STANDARD = "gnu++14";
				CLANG_CXX_LIBRARY = "libc++";
				CLANG_ENABLE_MODULES = YES;
				CLANG_ENABLE_OBJC_ARC = YES;
				CLANG_ENABLE_OBJC_WEAK = YES;
				CLANG_WARN_BLOCK_CAPTURE_AUTORELEASING = YES;
				CLANG_WARN_BOOL_CONVERSION = YES;
				CLANG_WARN_COMMA = YES;
				CLANG_WARN_CONSTANT_CONVERSION = YES;
				CLANG_WARN_DEPRECATED_OBJC_IMPLEMENTATIONS = YES;
				CLANG_WARN_DIRECT_OBJC_ISA_USAGE = YES_ERROR;
				CLANG_WARN_DOCUMENTATION_COMMENTS = YES;
				CLANG_WARN_EMPTY_BODY = YES;
				CLANG_WARN_ENUM_CONVERSION = YES;
				CLANG_WARN_INFINITE_RECURSION = YES;
				CLANG_WARN_INT_CONVERSION = YES;
				CLANG_WARN_NON_LITERAL_NULL_CONVERSION = YES;
				CLANG_WARN_OBJC_IMPLICIT_RETAIN_SELF = YES;
				CLANG_WARN_OBJC_LITERAL_CONVERSION = YES;
				CLANG_WARN_OBJC_ROOT_CLASS = YES_ERROR;
				CLANG_WARN_RANGE_LOOP_ANALYSIS = YES;
				CLANG_WARN_STRICT_PROTOTYPES = YES;
				CLANG_WARN_SUSPICIOUS_MOVE = YES;
				CLANG_WARN_UNGUARDED_AVAILABILITY = YES_AGGRESSIVE;
				CLANG_WARN_UNREACHABLE_CODE = YES;
				CLANG_WARN__DUPLICATE_METHOD_MATCH = YES;
				CODE_SIGN_IDENTITY = "iPhone Developer";
				COPY_PHASE_STRIP = NO;
				DEBUG_INFORMATION_FORMAT = "dwarf-with-dsym";
				ENABLE_NS_ASSERTIONS = NO;
				ENABLE_STRICT_OBJC_MSGSEND = YES;
				GCC_C_LANGUAGE_STANDARD = gnu11;
				GCC_NO_COMMON_BLOCKS = YES;
				GCC_WARN_64_TO_32_BIT_CONVERSION = YES;
				GCC_WARN_ABOUT_RETURN_TYPE = YES_ERROR;
				GCC_WARN_UNDECLARED_SELECTOR = YES;
				GCC_WARN_UNINITIALIZED_AUTOS = YES_AGGRESSIVE;
				GCC_WARN_UNUSED_FUNCTION = YES;
				GCC_WARN_UNUSED_VARIABLE = YES;
				IPHONEOS_DEPLOYMENT_TARGET = 11.4;
				MTL_ENABLE_DEBUG_INFO = NO;
				SDKROOT = iphoneos;
				SWIFT_COMPILATION_MODE = wholemodule;
				SWIFT_OPTIMIZATION_LEVEL = "-O";
				VALIDATE_PRODUCT = YES;
			};
			name = Release;
		};
		048325BC20FF9544007BBBFC /* Debug */ = {
			isa = XCBuildConfiguration;
			baseConfigurationReference = B36A373C9A76672EDD7E267E /* Pods-FingerFood.debug.xcconfig */;
			buildSettings = {
				ASSETCATALOG_COMPILER_APPICON_NAME = AppIcon;
				CODE_SIGN_STYLE = Automatic;
				INFOPLIST_FILE = FingerFood/Info.plist;
				LD_RUNPATH_SEARCH_PATHS = (
					"$(inherited)",
					"@executable_path/Frameworks",
				);
				PRODUCT_BUNDLE_IDENTIFIER = com.ranweiner.FingerFood;
				PRODUCT_NAME = "$(TARGET_NAME)";
				SWIFT_VERSION = 4.0;
				TARGETED_DEVICE_FAMILY = "1,2";
			};
			name = Debug;
		};
		048325BD20FF9544007BBBFC /* Release */ = {
			isa = XCBuildConfiguration;
			baseConfigurationReference = 89A856A56AFF0CD7A0FABACD /* Pods-FingerFood.release.xcconfig */;
			buildSettings = {
				ASSETCATALOG_COMPILER_APPICON_NAME = AppIcon;
				CODE_SIGN_STYLE = Automatic;
				INFOPLIST_FILE = FingerFood/Info.plist;
				LD_RUNPATH_SEARCH_PATHS = (
					"$(inherited)",
					"@executable_path/Frameworks",
				);
				PRODUCT_BUNDLE_IDENTIFIER = com.ranweiner.FingerFood;
				PRODUCT_NAME = "$(TARGET_NAME)";
				SWIFT_VERSION = 4.0;
				TARGETED_DEVICE_FAMILY = "1,2";
			};
			name = Release;
		};
/* End XCBuildConfiguration section */

/* Begin XCConfigurationList section */
		048325A420FF9544007BBBFC /* Build configuration list for PBXProject "FingerFood" */ = {
			isa = XCConfigurationList;
			buildConfigurations = (
				048325B920FF9544007BBBFC /* Debug */,
				048325BA20FF9544007BBBFC /* Release */,
			);
			defaultConfigurationIsVisible = 0;
			defaultConfigurationName = Release;
		};
		048325BB20FF9544007BBBFC /* Build configuration list for PBXNativeTarget "FingerFood" */ = {
			isa = XCConfigurationList;
			buildConfigurations = (
				048325BC20FF9544007BBBFC /* Debug */,
				048325BD20FF9544007BBBFC /* Release */,
			);
			defaultConfigurationIsVisible = 0;
			defaultConfigurationName = Release;
		};
/* End XCConfigurationList section */
	};
	rootObject = 048325A120FF9544007BBBFC /* Project object */;
}
